
Microsoft Visual Studio Solution File, Format Version 12.00
# Visual Studio Version 16
VisualStudioVersion = 16.0.31624.102
MinimumVisualStudioVersion = 10.0.40219.1
Project("{888888A0-9F3D-457C-B088-3A5042F75D52}") = "Hafta3", "Hafta3\Hafta3.pyproj", "{D3ECEA8D-1F04-474D-81E3-68CCEBCDEF19}"
EndProject
Global
	GlobalSection(SolutionConfigurationPlatforms) = preSolution
		Debug|Any CPU = Debug|Any CPU
		Release|Any CPU = Release|Any CPU
	EndGlobalSection
	GlobalSection(ProjectConfigurationPlatforms) = postSolution
		{D3ECEA8D-1F04-474D-81E3-68CCEBCDEF19}.Debug|Any CPU.ActiveCfg = Debug|Any CPU
		{D3ECEA8D-1F04-474D-81E3-68CCEBCDEF19}.Release|Any CPU.ActiveCfg = Release|Any CPU
	EndGlobalSection
	GlobalSection(SolutionProperties) = preSolution
		HideSolutionNode = FALSE
	EndGlobalSection
	GlobalSection(ExtensibilityGlobals) = postSolution
		SolutionGuid = {448F14A3-83EE-4DF0-85FB-5BC0BE105F7B}
	EndGlobalSection
EndGlobal
