
Microsoft Visual Studio Solution File, Format Version 12.00
# Visual Studio Version 16
VisualStudioVersion = 16.0.31624.102
MinimumVisualStudioVersion = 10.0.40219.1
Project("{888888A0-9F3D-457C-B088-3A5042F75D52}") = "Hafta4", "Hafta4\Hafta4.pyproj", "{846FC38E-30C8-4D3D-B17C-D5FF69CDF088}"
EndProject
Global
	GlobalSection(SolutionConfigurationPlatforms) = preSolution
		Debug|Any CPU = Debug|Any CPU
		Release|Any CPU = Release|Any CPU
	EndGlobalSection
	GlobalSection(ProjectConfigurationPlatforms) = postSolution
		{846FC38E-30C8-4D3D-B17C-D5FF69CDF088}.Debug|Any CPU.ActiveCfg = Debug|Any CPU
		{846FC38E-30C8-4D3D-B17C-D5FF69CDF088}.Release|Any CPU.ActiveCfg = Release|Any CPU
	EndGlobalSection
	GlobalSection(SolutionProperties) = preSolution
		HideSolutionNode = FALSE
	EndGlobalSection
	GlobalSection(ExtensibilityGlobals) = postSolution
		SolutionGuid = {25519BD1-F7C3-4DC2-89C0-4F2AA03F44AE}
	EndGlobalSection
EndGlobal
